
Microsoft Visual Studio Solution File, Format Version 12.00
# Visual Studio Version 17
VisualStudioVersion = 17.4.33122.133
MinimumVisualStudioVersion = 10.0.40219.1
Project("{FAE04EC0-301F-11D3-BF4B-00C04F79EFBC}") = "assignment1_IliaBogatyrev", "assignment1_IliaBogatyrev\assignment1_IliaBogatyrev.csproj", "{BA1B2D7D-C16B-4D75-9AD2-41AB4F980A30}"
EndProject
Global
	GlobalSection(SolutionConfigurationPlatforms) = preSolution
		Debug|Any CPU = Debug|Any CPU
		Release|Any CPU = Release|Any CPU
	EndGlobalSection
	GlobalSection(ProjectConfigurationPlatforms) = postSolution
		{BA1B2D7D-C16B-4D75-9AD2-41AB4F980A30}.Debug|Any CPU.ActiveCfg = Debug|Any CPU
		{BA1B2D7D-C16B-4D75-9AD2-41AB4F980A30}.Debug|Any CPU.Build.0 = Debug|Any CPU
		{BA1B2D7D-C16B-4D75-9AD2-41AB4F980A30}.Release|Any CPU.ActiveCfg = Release|Any CPU
		{BA1B2D7D-C16B-4D75-9AD2-41AB4F980A30}.Release|Any CPU.Build.0 = Release|Any CPU
	EndGlobalSection
	GlobalSection(SolutionProperties) = preSolution
		HideSolutionNode = FALSE
	EndGlobalSection
	GlobalSection(ExtensibilityGlobals) = postSolution
		SolutionGuid = {7316F6DA-C2D7-4A94-8AF5-9A1ACEAB96B2}
	EndGlobalSection
EndGlobal
